
Microsoft Visual Studio Solution File, Format Version 12.00
# Visual Studio 14
VisualStudioVersion = 14.0.25420.1
MinimumVisualStudioVersion = 10.0.40219.1
Project("{FAE04EC0-301F-11D3-BF4B-00C04F79EFBC}") = "10_ref", "10_ref\10_ref.csproj", "{892665AB-A7E0-4B99-9126-D9FD7298F20D}"
EndProject
Global
	GlobalSection(SolutionConfigurationPlatforms) = preSolution
		Debug|Any CPU = Debug|Any CPU
		Release|Any CPU = Release|Any CPU
	EndGlobalSection
	GlobalSection(ProjectConfigurationPlatforms) = postSolution
		{892665AB-A7E0-4B99-9126-D9FD7298F20D}.Debug|Any CPU.ActiveCfg = Debug|Any CPU
		{892665AB-A7E0-4B99-9126-D9FD7298F20D}.Debug|Any CPU.Build.0 = Debug|Any CPU
		{892665AB-A7E0-4B99-9126-D9FD7298F20D}.Release|Any CPU.ActiveCfg = Release|Any CPU
		{892665AB-A7E0-4B99-9126-D9FD7298F20D}.Release|Any CPU.Build.0 = Release|Any CPU
	EndGlobalSection
	GlobalSection(SolutionProperties) = preSolution
		HideSolutionNode = FALSE
	EndGlobalSection
EndGlobal
