
Microsoft Visual Studio Solution File, Format Version 12.00
# Visual Studio 14
VisualStudioVersion = 14.0.25420.1
MinimumVisualStudioVersion = 10.0.40219.1
Project("{FAE04EC0-301F-11D3-BF4B-00C04F79EFBC}") = "05_switch case - for grades", "05_switch case - for grades\05_switch case - for grades.csproj", "{131D275F-EEAE-4EB4-AEC9-CC7292B0A1F1}"
EndProject
Global
	GlobalSection(SolutionConfigurationPlatforms) = preSolution
		Debug|Any CPU = Debug|Any CPU
		Release|Any CPU = Release|Any CPU
	EndGlobalSection
	GlobalSection(ProjectConfigurationPlatforms) = postSolution
		{131D275F-EEAE-4EB4-AEC9-CC7292B0A1F1}.Debug|Any CPU.ActiveCfg = Debug|Any CPU
		{131D275F-EEAE-4EB4-AEC9-CC7292B0A1F1}.Debug|Any CPU.Build.0 = Debug|Any CPU
		{131D275F-EEAE-4EB4-AEC9-CC7292B0A1F1}.Release|Any CPU.ActiveCfg = Release|Any CPU
		{131D275F-EEAE-4EB4-AEC9-CC7292B0A1F1}.Release|Any CPU.Build.0 = Release|Any CPU
	EndGlobalSection
	GlobalSection(SolutionProperties) = preSolution
		HideSolutionNode = FALSE
	EndGlobalSection
EndGlobal
